
Microsoft Visual Studio Solution File, Format Version 12.00
# Visual Studio Version 16
VisualStudioVersion = 16.0.32126.315
MinimumVisualStudioVersion = 10.0.40219.1
Project("{FAE04EC0-301F-11D3-BF4B-00C04F79EFBC}") = "S9_Exercicio_Composicao_2", "S9_Exercicio_Composicao_2\S9_Exercicio_Composicao_2.csproj", "{3D80E7E1-217D-452A-BE16-062F380A06E8}"
EndProject
Global
	GlobalSection(SolutionConfigurationPlatforms) = preSolution
		Debug|Any CPU = Debug|Any CPU
		Release|Any CPU = Release|Any CPU
	EndGlobalSection
	GlobalSection(ProjectConfigurationPlatforms) = postSolution
		{3D80E7E1-217D-452A-BE16-062F380A06E8}.Debug|Any CPU.ActiveCfg = Debug|Any CPU
		{3D80E7E1-217D-452A-BE16-062F380A06E8}.Debug|Any CPU.Build.0 = Debug|Any CPU
		{3D80E7E1-217D-452A-BE16-062F380A06E8}.Release|Any CPU.ActiveCfg = Release|Any CPU
		{3D80E7E1-217D-452A-BE16-062F380A06E8}.Release|Any CPU.Build.0 = Release|Any CPU
	EndGlobalSection
	GlobalSection(SolutionProperties) = preSolution
		HideSolutionNode = FALSE
	EndGlobalSection
	GlobalSection(ExtensibilityGlobals) = postSolution
		SolutionGuid = {F7965A6F-1894-4BD2-BA20-70BBE36F0094}
	EndGlobalSection
EndGlobal
