
Microsoft Visual Studio Solution File, Format Version 12.00
# Visual Studio Version 16
VisualStudioVersion = 16.0.32126.315
MinimumVisualStudioVersion = 10.0.40219.1
Project("{FAE04EC0-301F-11D3-BF4B-00C04F79EFBC}") = "S10_Exercicio_Heranca_4", "S10_Exercicio_Heranca_4\S10_Exercicio_Heranca_4.csproj", "{C8ABEDD7-3E92-4F5A-B457-1134F863C04D}"
EndProject
Global
	GlobalSection(SolutionConfigurationPlatforms) = preSolution
		Debug|Any CPU = Debug|Any CPU
		Release|Any CPU = Release|Any CPU
	EndGlobalSection
	GlobalSection(ProjectConfigurationPlatforms) = postSolution
		{C8ABEDD7-3E92-4F5A-B457-1134F863C04D}.Debug|Any CPU.ActiveCfg = Debug|Any CPU
		{C8ABEDD7-3E92-4F5A-B457-1134F863C04D}.Debug|Any CPU.Build.0 = Debug|Any CPU
		{C8ABEDD7-3E92-4F5A-B457-1134F863C04D}.Release|Any CPU.ActiveCfg = Release|Any CPU
		{C8ABEDD7-3E92-4F5A-B457-1134F863C04D}.Release|Any CPU.Build.0 = Release|Any CPU
	EndGlobalSection
	GlobalSection(SolutionProperties) = preSolution
		HideSolutionNode = FALSE
	EndGlobalSection
	GlobalSection(ExtensibilityGlobals) = postSolution
		SolutionGuid = {CA44B3C1-672F-4FE0-A19F-E152018C0DCE}
	EndGlobalSection
EndGlobal
