
Microsoft Visual Studio Solution File, Format Version 12.00
# Visual Studio Version 16
VisualStudioVersion = 16.0.32126.315
MinimumVisualStudioVersion = 10.0.40219.1
Project("{FAE04EC0-301F-11D3-BF4B-00C04F79EFBC}") = "S15_Exercicio_Generics_2", "S15_Exercicio_Generics_2\S15_Exercicio_Generics_2.csproj", "{74B66505-217A-4FDB-8FB7-00F9BC9716D5}"
EndProject
Global
	GlobalSection(SolutionConfigurationPlatforms) = preSolution
		Debug|Any CPU = Debug|Any CPU
		Release|Any CPU = Release|Any CPU
	EndGlobalSection
	GlobalSection(ProjectConfigurationPlatforms) = postSolution
		{74B66505-217A-4FDB-8FB7-00F9BC9716D5}.Debug|Any CPU.ActiveCfg = Debug|Any CPU
		{74B66505-217A-4FDB-8FB7-00F9BC9716D5}.Debug|Any CPU.Build.0 = Debug|Any CPU
		{74B66505-217A-4FDB-8FB7-00F9BC9716D5}.Release|Any CPU.ActiveCfg = Release|Any CPU
		{74B66505-217A-4FDB-8FB7-00F9BC9716D5}.Release|Any CPU.Build.0 = Release|Any CPU
	EndGlobalSection
	GlobalSection(SolutionProperties) = preSolution
		HideSolutionNode = FALSE
	EndGlobalSection
	GlobalSection(ExtensibilityGlobals) = postSolution
		SolutionGuid = {D3BB7B77-2837-41A0-89C2-9F24E2077F35}
	EndGlobalSection
EndGlobal
