
Microsoft Visual Studio Solution File, Format Version 12.00
# Visual Studio Version 16
VisualStudioVersion = 16.0.32126.315
MinimumVisualStudioVersion = 10.0.40219.1
Project("{FAE04EC0-301F-11D3-BF4B-00C04F79EFBC}") = "S4_Exercicio_Classes_6", "S4_Exercicio_Classes_6\S4_Exercicio_Classes_6.csproj", "{2734B411-1C29-4AF3-8518-AD990AC0AA38}"
EndProject
Global
	GlobalSection(SolutionConfigurationPlatforms) = preSolution
		Debug|Any CPU = Debug|Any CPU
		Release|Any CPU = Release|Any CPU
	EndGlobalSection
	GlobalSection(ProjectConfigurationPlatforms) = postSolution
		{2734B411-1C29-4AF3-8518-AD990AC0AA38}.Debug|Any CPU.ActiveCfg = Debug|Any CPU
		{2734B411-1C29-4AF3-8518-AD990AC0AA38}.Debug|Any CPU.Build.0 = Debug|Any CPU
		{2734B411-1C29-4AF3-8518-AD990AC0AA38}.Release|Any CPU.ActiveCfg = Release|Any CPU
		{2734B411-1C29-4AF3-8518-AD990AC0AA38}.Release|Any CPU.Build.0 = Release|Any CPU
	EndGlobalSection
	GlobalSection(SolutionProperties) = preSolution
		HideSolutionNode = FALSE
	EndGlobalSection
	GlobalSection(ExtensibilityGlobals) = postSolution
		SolutionGuid = {CE58CA42-DC97-4C27-93AD-6D3224551FE5}
	EndGlobalSection
EndGlobal
